// !$*UTF8*$!
{
	archiveVersion = 1;
	classes = {
	};
	objectVersion = 46;
	objects = {

/* Begin PBXBuildFile section */
		C0FD1FF21E8271AD00261EAE /* main.m in Sources */ = {isa = PBXBuildFile; fileRef = C0FD1FF11E8271AD00261EAE /* main.m */; };
		C0FD1FFF1E8271C100261EAE /* main.m in Sources */ = {isa = PBXBuildFile; fileRef = C0FD1FFE1E8271C100261EAE /* main.m */; };
		C0FD200A1E8271E100261EAE /* main.m in Sources */ = {isa = PBXBuildFile; fileRef = C0FD20091E8271E100261EAE /* main.m */; };
		C0FD20101E8271F600261EAE /* MYConst.m in Sources */ = {isa = PBXBuildFile; fileRef = C0FD200F1E8271F600261EAE /* MYConst.m */; };
/* End PBXBuildFile section */

/* Begin PBXCopyFilesBuildPhase section */
		C0FD1FEC1E8271AD00261EAE /* CopyFiles */ = {
			isa = PBXCopyFilesBuildPhase;
			buildActionMask = 2147483647;
			dstPath = /usr/share/man/man1/;
			dstSubfolderSpec = 0;
			files = (
			);
			runOnlyForDeploymentPostprocessing = 1;
		};
		C0FD1FFA1E8271C100261EAE /* CopyFiles */ = {
			isa = PBXCopyFilesBuildPhase;
			buildActionMask = 2147483647;
			dstPath = /usr/share/man/man1/;
			dstSubfolderSpec = 0;
			files = (
			);
			runOnlyForDeploymentPostprocessing = 1;
		};
		C0FD20051E8271E100261EAE /* CopyFiles */ = {
			isa = PBXCopyFilesBuildPhase;
			buildActionMask = 2147483647;
			dstPath = /usr/share/man/man1/;
			dstSubfolderSpec = 0;
			files = (
			);
			runOnlyForDeploymentPostprocessing = 1;
		};
/* End PBXCopyFilesBuildPhase section */

/* Begin PBXFileReference section */
		C0FD1FEE1E8271AD00261EAE /* 3.5.4 */ = {isa = PBXFileReference; explicitFileType = "compiled.mach-o.executable"; includeInIndex = 0; path = 3.5.4; sourceTree = BUILT_PRODUCTS_DIR; };
		C0FD1FF11E8271AD00261EAE /* main.m */ = {isa = PBXFileReference; lastKnownFileType = sourcecode.c.objc; path = main.m; sourceTree = "<group>"; };
		C0FD1FFC1E8271C100261EAE /* const介绍 */ = {isa = PBXFileReference; explicitFileType = "compiled.mach-o.executable"; includeInIndex = 0; path = "const介绍"; sourceTree = BUILT_PRODUCTS_DIR; };
		C0FD1FFE1E8271C100261EAE /* main.m */ = {isa = PBXFileReference; lastKnownFileType = sourcecode.c.objc; path = main.m; sourceTree = "<group>"; };
		C0FD20071E8271E100261EAE /* const使用方法 */ = {isa = PBXFileReference; explicitFileType = "compiled.mach-o.executable"; includeInIndex = 0; path = "const使用方法"; sourceTree = BUILT_PRODUCTS_DIR; };
		C0FD20091E8271E100261EAE /* main.m */ = {isa = PBXFileReference; lastKnownFileType = sourcecode.c.objc; path = main.m; sourceTree = "<group>"; };
		C0FD200E1E8271F600261EAE /* MYConst.h */ = {isa = PBXFileReference; fileEncoding = 4; lastKnownFileType = sourcecode.c.h; path = MYConst.h; sourceTree = "<group>"; };
		C0FD200F1E8271F600261EAE /* MYConst.m */ = {isa = PBXFileReference; fileEncoding = 4; lastKnownFileType = sourcecode.c.objc; path = MYConst.m; sourceTree = "<group>"; };
/* End PBXFileReference section */

/* Begin PBXFrameworksBuildPhase section */
		C0FD1FEB1E8271AD00261EAE /* Frameworks */ = {
			isa = PBXFrameworksBuildPhase;
			buildActionMask = 2147483647;
			files = (
			);
			runOnlyForDeploymentPostprocessing = 0;
		};
		C0FD1FF91E8271C100261EAE /* Frameworks */ = {
			isa = PBXFrameworksBuildPhase;
			buildActionMask = 2147483647;
			files = (
			);
			runOnlyForDeploymentPostprocessing = 0;
		};
		C0FD20041E8271E100261EAE /* Frameworks */ = {
			isa = PBXFrameworksBuildPhase;
			buildActionMask = 2147483647;
			files = (
			);
			runOnlyForDeploymentPostprocessing = 0;
		};
/* End PBXFrameworksBuildPhase section */

/* Begin PBXGroup section */
		C0FD1FE51E8271AD00261EAE = {
			isa = PBXGroup;
			children = (
				C0FD1FF01E8271AD00261EAE /* 3.5.4 */,
				C0FD1FFD1E8271C100261EAE /* const介绍 */,
				C0FD20081E8271E100261EAE /* const使用方法 */,
				C0FD1FEF1E8271AD00261EAE /* Products */,
			);
			sourceTree = "<group>";
		};
		C0FD1FEF1E8271AD00261EAE /* Products */ = {
			isa = PBXGroup;
			children = (
				C0FD1FEE1E8271AD00261EAE /* 3.5.4 */,
				C0FD1FFC1E8271C100261EAE /* const介绍 */,
				C0FD20071E8271E100261EAE /* const使用方法 */,
			);
			name = Products;
			sourceTree = "<group>";
		};
		C0FD1FF01E8271AD00261EAE /* 3.5.4 */ = {
			isa = PBXGroup;
			children = (
				C0FD1FF11E8271AD00261EAE /* main.m */,
			);
			path = 3.5.4;
			sourceTree = "<group>";
		};
		C0FD1FFD1E8271C100261EAE /* const介绍 */ = {
			isa = PBXGroup;
			children = (
				C0FD1FFE1E8271C100261EAE /* main.m */,
			);
			path = "const介绍";
			sourceTree = "<group>";
		};
		C0FD20081E8271E100261EAE /* const使用方法 */ = {
			isa = PBXGroup;
			children = (
				C0FD20091E8271E100261EAE /* main.m */,
				C0FD200E1E8271F600261EAE /* MYConst.h */,
				C0FD200F1E8271F600261EAE /* MYConst.m */,
			);
			path = "const使用方法";
			sourceTree = "<group>";
		};
/* End PBXGroup section */

/* Begin PBXNativeTarget section */
		C0FD1FED1E8271AD00261EAE /* 3.5.4 */ = {
			isa = PBXNativeTarget;
			buildConfigurationList = C0FD1FF51E8271AD00261EAE /* Build configuration list for PBXNativeTarget "3.5.4" */;
			buildPhases = (
				C0FD1FEA1E8271AD00261EAE /* Sources */,
				C0FD1FEB1E8271AD00261EAE /* Frameworks */,
				C0FD1FEC1E8271AD00261EAE /* CopyFiles */,
			);
			buildRules = (
			);
			dependencies = (
			);
			name = 3.5.4;
			productName = 3.5.4;
			productReference = C0FD1FEE1E8271AD00261EAE /* 3.5.4 */;
			productType = "com.apple.product-type.tool";
		};
		C0FD1FFB1E8271C100261EAE /* const介绍 */ = {
			isa = PBXNativeTarget;
			buildConfigurationList = C0FD20001E8271C100261EAE /* Build configuration list for PBXNativeTarget "const介绍" */;
			buildPhases = (
				C0FD1FF81E8271C100261EAE /* Sources */,
				C0FD1FF91E8271C100261EAE /* Frameworks */,
				C0FD1FFA1E8271C100261EAE /* CopyFiles */,
			);
			buildRules = (
			);
			dependencies = (
			);
			name = "const介绍";
			productName = "const介绍";
			productReference = C0FD1FFC1E8271C100261EAE /* const介绍 */;
			productType = "com.apple.product-type.tool";
		};
		C0FD20061E8271E100261EAE /* const使用方法 */ = {
			isa = PBXNativeTarget;
			buildConfigurationList = C0FD200B1E8271E100261EAE /* Build configuration list for PBXNativeTarget "const使用方法" */;
			buildPhases = (
				C0FD20031E8271E100261EAE /* Sources */,
				C0FD20041E8271E100261EAE /* Frameworks */,
				C0FD20051E8271E100261EAE /* CopyFiles */,
			);
			buildRules = (
			);
			dependencies = (
			);
			name = "const使用方法";
			productName = "const使用方法";
			productReference = C0FD20071E8271E100261EAE /* const使用方法 */;
			productType = "com.apple.product-type.tool";
		};
/* End PBXNativeTarget section */

/* Begin PBXProject section */
		C0FD1FE61E8271AD00261EAE /* Project object */ = {
			isa = PBXProject;
			attributes = {
				LastUpgradeCheck = 0820;
				ORGANIZATIONNAME = Liz;
				TargetAttributes = {
					C0FD1FED1E8271AD00261EAE = {
						CreatedOnToolsVersion = 8.2;
						ProvisioningStyle = Automatic;
					};
					C0FD1FFB1E8271C100261EAE = {
						CreatedOnToolsVersion = 8.2;
						ProvisioningStyle = Automatic;
					};
					C0FD20061E8271E100261EAE = {
						CreatedOnToolsVersion = 8.2;
						ProvisioningStyle = Automatic;
					};
				};
			};
			buildConfigurationList = C0FD1FE91E8271AD00261EAE /* Build configuration list for PBXProject "3.5.4" */;
			compatibilityVersion = "Xcode 3.2";
			developmentRegion = English;
			hasScannedForEncodings = 0;
			knownRegions = (
				en,
			);
			mainGroup = C0FD1FE51E8271AD00261EAE;
			productRefGroup = C0FD1FEF1E8271AD00261EAE /* Products */;
			projectDirPath = "";
			projectRoot = "";
			targets = (
				C0FD1FED1E8271AD00261EAE /* 3.5.4 */,
				C0FD1FFB1E8271C100261EAE /* const介绍 */,
				C0FD20061E8271E100261EAE /* const使用方法 */,
			);
		};
/* End PBXProject section */

/* Begin PBXSourcesBuildPhase section */
		C0FD1FEA1E8271AD00261EAE /* Sources */ = {
			isa = PBXSourcesBuildPhase;
			buildActionMask = 2147483647;
			files = (
				C0FD1FF21E8271AD00261EAE /* main.m in Sources */,
			);
			runOnlyForDeploymentPostprocessing = 0;
		};
		C0FD1FF81E8271C100261EAE /* Sources */ = {
			isa = PBXSourcesBuildPhase;
			buildActionMask = 2147483647;
			files = (
				C0FD1FFF1E8271C100261EAE /* main.m in Sources */,
			);
			runOnlyForDeploymentPostprocessing = 0;
		};
		C0FD20031E8271E100261EAE /* Sources */ = {
			isa = PBXSourcesBuildPhase;
			buildActionMask = 2147483647;
			files = (
				C0FD200A1E8271E100261EAE /* main.m in Sources */,
				C0FD20101E8271F600261EAE /* MYConst.m in Sources */,
			);
			runOnlyForDeploymentPostprocessing = 0;
		};
/* End PBXSourcesBuildPhase section */

/* Begin XCBuildConfiguration section */
		C0FD1FF31E8271AD00261EAE /* Debug */ = {
			isa = XCBuildConfiguration;
			buildSettings = {
				ALWAYS_SEARCH_USER_PATHS = NO;
				CLANG_ANALYZER_NONNULL = YES;
				CLANG_CXX_LANGUAGE_STANDARD = "gnu++0x";
				CLANG_CXX_LIBRARY = "libc++";
				CLANG_ENABLE_MODULES = YES;
				CLANG_ENABLE_OBJC_ARC = YES;
				CLANG_WARN_BOOL_CONVERSION = YES;
				CLANG_WARN_CONSTANT_CONVERSION = YES;
				CLANG_WARN_DIRECT_OBJC_ISA_USAGE = YES_ERROR;
				CLANG_WARN_DOCUMENTATION_COMMENTS = YES;
				CLANG_WARN_EMPTY_BODY = YES;
				CLANG_WARN_ENUM_CONVERSION = YES;
				CLANG_WARN_INFINITE_RECURSION = YES;
				CLANG_WARN_INT_CONVERSION = YES;
				CLANG_WARN_OBJC_ROOT_CLASS = YES_ERROR;
				CLANG_WARN_SUSPICIOUS_MOVE = YES;
				CLANG_WARN_UNREACHABLE_CODE = YES;
				CLANG_WARN__DUPLICATE_METHOD_MATCH = YES;
				CODE_SIGN_IDENTITY = "-";
				COPY_PHASE_STRIP = NO;
				DEBUG_INFORMATION_FORMAT = dwarf;
				ENABLE_STRICT_OBJC_MSGSEND = YES;
				ENABLE_TESTABILITY = YES;
				GCC_C_LANGUAGE_STANDARD = gnu99;
				GCC_DYNAMIC_NO_PIC = NO;
				GCC_NO_COMMON_BLOCKS = YES;
				GCC_OPTIMIZATION_LEVEL = 0;
				GCC_PREPROCESSOR_DEFINITIONS = (
					"DEBUG=1",
					"$(inherited)",
				);
				GCC_WARN_64_TO_32_BIT_CONVERSION = YES;
				GCC_WARN_ABOUT_RETURN_TYPE = YES_ERROR;
				GCC_WARN_UNDECLARED_SELECTOR = YES;
				GCC_WARN_UNINITIALIZED_AUTOS = YES_AGGRESSIVE;
				GCC_WARN_UNUSED_FUNCTION = YES;
				GCC_WARN_UNUSED_VARIABLE = YES;
				MACOSX_DEPLOYMENT_TARGET = 10.12;
				MTL_ENABLE_DEBUG_INFO = YES;
				ONLY_ACTIVE_ARCH = YES;
				SDKROOT = macosx;
			};
			name = Debug;
		};
		C0FD1FF41E8271AD00261EAE /* Release */ = {
			isa = XCBuildConfiguration;
			buildSettings = {
				ALWAYS_SEARCH_USER_PATHS = NO;
				CLANG_ANALYZER_NONNULL = YES;
				CLANG_CXX_LANGUAGE_STANDARD = "gnu++0x";
				CLANG_CXX_LIBRARY = "libc++";
				CLANG_ENABLE_MODULES = YES;
				CLANG_ENABLE_OBJC_ARC = YES;
				CLANG_WARN_BOOL_CONVERSION = YES;
				CLANG_WARN_CONSTANT_CONVERSION = YES;
				CLANG_WARN_DIRECT_OBJC_ISA_USAGE = YES_ERROR;
				CLANG_WARN_DOCUMENTATION_COMMENTS = YES;
				CLANG_WARN_EMPTY_BODY = YES;
				CLANG_WARN_ENUM_CONVERSION = YES;
				CLANG_WARN_INFINITE_RECURSION = YES;
				CLANG_WARN_INT_CONVERSION = YES;
				CLANG_WARN_OBJC_ROOT_CLASS = YES_ERROR;
				CLANG_WARN_SUSPICIOUS_MOVE = YES;
				CLANG_WARN_UNREACHABLE_CODE = YES;
				CLANG_WARN__DUPLICATE_METHOD_MATCH = YES;
				CODE_SIGN_IDENTITY = "-";
				COPY_PHASE_STRIP = NO;
				DEBUG_INFORMATION_FORMAT = "dwarf-with-dsym";
				ENABLE_NS_ASSERTIONS = NO;
				ENABLE_STRICT_OBJC_MSGSEND = YES;
				GCC_C_LANGUAGE_STANDARD = gnu99;
				GCC_NO_COMMON_BLOCKS = YES;
				GCC_WARN_64_TO_32_BIT_CONVERSION = YES;
				GCC_WARN_ABOUT_RETURN_TYPE = YES_ERROR;
				GCC_WARN_UNDECLARED_SELECTOR = YES;
				GCC_WARN_UNINITIALIZED_AUTOS = YES_AGGRESSIVE;
				GCC_WARN_UNUSED_FUNCTION = YES;
				GCC_WARN_UNUSED_VARIABLE = YES;
				MACOSX_DEPLOYMENT_TARGET = 10.12;
				MTL_ENABLE_DEBUG_INFO = NO;
				SDKROOT = macosx;
			};
			name = Release;
		};
		C0FD1FF61E8271AD00261EAE /* Debug */ = {
			isa = XCBuildConfiguration;
			buildSettings = {
				PRODUCT_NAME = "$(TARGET_NAME)";
			};
			name = Debug;
		};
		C0FD1FF71E8271AD00261EAE /* Release */ = {
			isa = XCBuildConfiguration;
			buildSettings = {
				PRODUCT_NAME = "$(TARGET_NAME)";
			};
			name = Release;
		};
		C0FD20011E8271C100261EAE /* Debug */ = {
			isa = XCBuildConfiguration;
			buildSettings = {
				PRODUCT_NAME = "$(TARGET_NAME)";
			};
			name = Debug;
		};
		C0FD20021E8271C100261EAE /* Release */ = {
			isa = XCBuildConfiguration;
			buildSettings = {
				PRODUCT_NAME = "$(TARGET_NAME)";
			};
			name = Release;
		};
		C0FD200C1E8271E100261EAE /* Debug */ = {
			isa = XCBuildConfiguration;
			buildSettings = {
				PRODUCT_NAME = "$(TARGET_NAME)";
			};
			name = Debug;
		};
		C0FD200D1E8271E100261EAE /* Release */ = {
			isa = XCBuildConfiguration;
			buildSettings = {
				PRODUCT_NAME = "$(TARGET_NAME)";
			};
			name = Release;
		};
/* End XCBuildConfiguration section */

/* Begin XCConfigurationList section */
		C0FD1FE91E8271AD00261EAE /* Build configuration list for PBXProject "3.5.4" */ = {
			isa = XCConfigurationList;
			buildConfigurations = (
				C0FD1FF31E8271AD00261EAE /* Debug */,
				C0FD1FF41E8271AD00261EAE /* Release */,
			);
			defaultConfigurationIsVisible = 0;
			defaultConfigurationName = Release;
		};
		C0FD1FF51E8271AD00261EAE /* Build configuration list for PBXNativeTarget "3.5.4" */ = {
			isa = XCConfigurationList;
			buildConfigurations = (
				C0FD1FF61E8271AD00261EAE /* Debug */,
				C0FD1FF71E8271AD00261EAE /* Release */,
			);
			defaultConfigurationIsVisible = 0;
		};
		C0FD20001E8271C100261EAE /* Build configuration list for PBXNativeTarget "const介绍" */ = {
			isa = XCConfigurationList;
			buildConfigurations = (
				C0FD20011E8271C100261EAE /* Debug */,
				C0FD20021E8271C100261EAE /* Release */,
			);
			defaultConfigurationIsVisible = 0;
		};
		C0FD200B1E8271E100261EAE /* Build configuration list for PBXNativeTarget "const使用方法" */ = {
			isa = XCConfigurationList;
			buildConfigurations = (
				C0FD200C1E8271E100261EAE /* Debug */,
				C0FD200D1E8271E100261EAE /* Release */,
			);
			defaultConfigurationIsVisible = 0;
		};
/* End XCConfigurationList section */
	};
	rootObject = C0FD1FE61E8271AD00261EAE /* Project object */;
}
